
Microsoft Visual Studio Solution File, Format Version 12.00
# Visual Studio Version 17
VisualStudioVersion = 17.8.34330.188
MinimumVisualStudioVersion = 10.0.40219.1
Project("{FAE04EC0-301F-11D3-BF4B-00C04F79EFBC}") = "GymAcess", "GymAcess.csproj", "{3CAA810F-45E8-4221-8A3F-0328AD895384}"
EndProject
Global
	GlobalSection(SolutionConfigurationPlatforms) = preSolution
		Debug|Any CPU = Debug|Any CPU
		Release|Any CPU = Release|Any CPU
	EndGlobalSection
	GlobalSection(ProjectConfigurationPlatforms) = postSolution
		{3CAA810F-45E8-4221-8A3F-0328AD895384}.Debug|Any CPU.ActiveCfg = Debug|Any CPU
		{3CAA810F-45E8-4221-8A3F-0328AD895384}.Debug|Any CPU.Build.0 = Debug|Any CPU
		{3CAA810F-45E8-4221-8A3F-0328AD895384}.Release|Any CPU.ActiveCfg = Release|Any CPU
		{3CAA810F-45E8-4221-8A3F-0328AD895384}.Release|Any CPU.Build.0 = Release|Any CPU
	EndGlobalSection
	GlobalSection(SolutionProperties) = preSolution
		HideSolutionNode = FALSE
	EndGlobalSection
	GlobalSection(ExtensibilityGlobals) = postSolution
		SolutionGuid = {B0F9B14F-9FBC-479F-AE63-C0584984E5B3}
	EndGlobalSection
EndGlobal
